{
  "name": "show-date-time",
  "version": "1.2.0",
  "lockfileVersion": 2,
  "requires": true,
  "packages": {
    "": {
      "version": "1.2.0",
      "license": "ISC",
      "dependencies": {
        "cac": "^6.7.3"
      },
      "bin": {
        "show-date-time": "index.js"
      }
    },
    "node_modules/cac": {
      "version": "6.7.3",
      "resolved": "https://registry.npmjs.org/cac/-/cac-6.7.3.tgz",
      "integrity": "sha512-ECVqVZh74qgSuZG9YOt2OJPI3wGcf+EwwuF/XIOYqZBD0KZYLtgPWqFPxmDPQ6joxI1nOlvVgRV6VT53Ooyocg=="
    }
  },
  "dependencies": {
    "cac": {
      "version": "6.7.3",
      "resolved": "https://registry.npmjs.org/cac/-/cac-6.7.3.tgz",
      "integrity": "sha512-ECVqVZh74qgSuZG9YOt2OJPI3wGcf+EwwuF/XIOYqZBD0KZYLtgPWqFPxmDPQ6joxI1nOlvVgRV6VT53Ooyocg=="
    }
  }
}
